
Microsoft Visual Studio Solution File, Format Version 12.00
# Visual Studio Version 16
VisualStudioVersion = 16.0.31911.196
MinimumVisualStudioVersion = 10.0.40219.1
Project("{FAE04EC0-301F-11D3-BF4B-00C04F79EFBC}") = "Задание 15", "Задание 15\Задание 15.csproj", "{11687D17-0A55-4859-819B-19401FCC5CCF}"
EndProject
Global
	GlobalSection(SolutionConfigurationPlatforms) = preSolution
		Debug|Any CPU = Debug|Any CPU
		Release|Any CPU = Release|Any CPU
	EndGlobalSection
	GlobalSection(ProjectConfigurationPlatforms) = postSolution
		{11687D17-0A55-4859-819B-19401FCC5CCF}.Debug|Any CPU.ActiveCfg = Debug|Any CPU
		{11687D17-0A55-4859-819B-19401FCC5CCF}.Debug|Any CPU.Build.0 = Debug|Any CPU
		{11687D17-0A55-4859-819B-19401FCC5CCF}.Release|Any CPU.ActiveCfg = Release|Any CPU
		{11687D17-0A55-4859-819B-19401FCC5CCF}.Release|Any CPU.Build.0 = Release|Any CPU
	EndGlobalSection
	GlobalSection(SolutionProperties) = preSolution
		HideSolutionNode = FALSE
	EndGlobalSection
	GlobalSection(ExtensibilityGlobals) = postSolution
		SolutionGuid = {FB6EDB54-9EDC-4108-A668-CE5106E75391}
	EndGlobalSection
EndGlobal
